
Microsoft Visual Studio Solution File, Format Version 12.00
# Visual Studio Version 17
VisualStudioVersion = 17.2.32519.379
MinimumVisualStudioVersion = 10.0.40219.1
Project("{FAE04EC0-301F-11D3-BF4B-00C04F79EFBC}") = "OOP_Laba_1", "OOP_Laba_1\OOP_Laba_1.csproj", "{7B664352-A41A-4925-BB78-D7FF7B7EDCBC}"
EndProject
Global
	GlobalSection(SolutionConfigurationPlatforms) = preSolution
		Debug|Any CPU = Debug|Any CPU
		Release|Any CPU = Release|Any CPU
	EndGlobalSection
	GlobalSection(ProjectConfigurationPlatforms) = postSolution
		{7B664352-A41A-4925-BB78-D7FF7B7EDCBC}.Debug|Any CPU.ActiveCfg = Debug|Any CPU
		{7B664352-A41A-4925-BB78-D7FF7B7EDCBC}.Debug|Any CPU.Build.0 = Debug|Any CPU
		{7B664352-A41A-4925-BB78-D7FF7B7EDCBC}.Release|Any CPU.ActiveCfg = Release|Any CPU
		{7B664352-A41A-4925-BB78-D7FF7B7EDCBC}.Release|Any CPU.Build.0 = Release|Any CPU
	EndGlobalSection
	GlobalSection(SolutionProperties) = preSolution
		HideSolutionNode = FALSE
	EndGlobalSection
	GlobalSection(ExtensibilityGlobals) = postSolution
		SolutionGuid = {2EA15DA1-AE66-4CFA-8C33-4DC694F6F30C}
	EndGlobalSection
EndGlobal
